
Microsoft Visual Studio Solution File, Format Version 12.00
# Visual Studio Version 16
VisualStudioVersion = 16.0.30114.105
MinimumVisualStudioVersion = 10.0.40219.1
Project("{9A19103F-16F7-4668-BE54-9A1E7A4F7556}") = "Kanyon", "Kanyon\Kanyon.csproj", "{B6198D8A-8D33-41A2-B6AC-0A58AFFCB83B}"
EndProject
Project("{9A19103F-16F7-4668-BE54-9A1E7A4F7556}") = "Kanyon.Core", "Kanyon.Core\Kanyon.Core.csproj", "{57897710-2AC6-4D8A-9828-E71B87389FF2}"
EndProject
Project("{9A19103F-16F7-4668-BE54-9A1E7A4F7556}") = "Kanyon.ResourceGenerator", "Kanyon.ResourceGenerator\Kanyon.ResourceGenerator.csproj", "{F7C1DBFB-A050-47C4-A6F3-B7CC9EA36CE8}"
EndProject
Project("{9A19103F-16F7-4668-BE54-9A1E7A4F7556}") = "Kanyon.Kubernetes", "Kanyon.Kubernetes\Kanyon.Kubernetes.csproj", "{52894D9E-4097-4191-99AE-8BCDA3012A76}"
EndProject
Project("{9A19103F-16F7-4668-BE54-9A1E7A4F7556}") = "Kanyon.Tests", "Kanyon.Tests\Kanyon.Tests.csproj", "{5D84D280-732C-4406-A346-C15837D1D48C}"
EndProject
Project("{9A19103F-16F7-4668-BE54-9A1E7A4F7556}") = "Kanyon.Engine", "Kanyon.Engine\Kanyon.Engine.csproj", "{0CF3DF69-0710-4AFB-A2BE-CC3DF0505E07}"
EndProject
Project("{FAE04EC0-301F-11D3-BF4B-00C04F79EFBC}") = "KanyonVSIX", "KanyonVSIX\KanyonVSIX.csproj", "{37A384E0-6D50-49FD-B534-E349B8098EF5}"
EndProject
Global
	GlobalSection(SolutionConfigurationPlatforms) = preSolution
		Debug|Any CPU = Debug|Any CPU
		Release|Any CPU = Release|Any CPU
	EndGlobalSection
	GlobalSection(ProjectConfigurationPlatforms) = postSolution
		{B6198D8A-8D33-41A2-B6AC-0A58AFFCB83B}.Debug|Any CPU.ActiveCfg = Debug|Any CPU
		{B6198D8A-8D33-41A2-B6AC-0A58AFFCB83B}.Debug|Any CPU.Build.0 = Debug|Any CPU
		{B6198D8A-8D33-41A2-B6AC-0A58AFFCB83B}.Release|Any CPU.ActiveCfg = Release|Any CPU
		{B6198D8A-8D33-41A2-B6AC-0A58AFFCB83B}.Release|Any CPU.Build.0 = Release|Any CPU
		{57897710-2AC6-4D8A-9828-E71B87389FF2}.Debug|Any CPU.ActiveCfg = Debug|Any CPU
		{57897710-2AC6-4D8A-9828-E71B87389FF2}.Debug|Any CPU.Build.0 = Debug|Any CPU
		{57897710-2AC6-4D8A-9828-E71B87389FF2}.Release|Any CPU.ActiveCfg = Release|Any CPU
		{57897710-2AC6-4D8A-9828-E71B87389FF2}.Release|Any CPU.Build.0 = Release|Any CPU
		{F7C1DBFB-A050-47C4-A6F3-B7CC9EA36CE8}.Debug|Any CPU.ActiveCfg = Debug|Any CPU
		{F7C1DBFB-A050-47C4-A6F3-B7CC9EA36CE8}.Debug|Any CPU.Build.0 = Debug|Any CPU
		{F7C1DBFB-A050-47C4-A6F3-B7CC9EA36CE8}.Release|Any CPU.ActiveCfg = Release|Any CPU
		{F7C1DBFB-A050-47C4-A6F3-B7CC9EA36CE8}.Release|Any CPU.Build.0 = Release|Any CPU
		{52894D9E-4097-4191-99AE-8BCDA3012A76}.Debug|Any CPU.ActiveCfg = Debug|Any CPU
		{52894D9E-4097-4191-99AE-8BCDA3012A76}.Debug|Any CPU.Build.0 = Debug|Any CPU
		{52894D9E-4097-4191-99AE-8BCDA3012A76}.Release|Any CPU.ActiveCfg = Release|Any CPU
		{52894D9E-4097-4191-99AE-8BCDA3012A76}.Release|Any CPU.Build.0 = Release|Any CPU
		{5D84D280-732C-4406-A346-C15837D1D48C}.Debug|Any CPU.ActiveCfg = Debug|Any CPU
		{5D84D280-732C-4406-A346-C15837D1D48C}.Debug|Any CPU.Build.0 = Debug|Any CPU
		{5D84D280-732C-4406-A346-C15837D1D48C}.Release|Any CPU.ActiveCfg = Release|Any CPU
		{5D84D280-732C-4406-A346-C15837D1D48C}.Release|Any CPU.Build.0 = Release|Any CPU
		{0CF3DF69-0710-4AFB-A2BE-CC3DF0505E07}.Debug|Any CPU.ActiveCfg = Debug|Any CPU
		{0CF3DF69-0710-4AFB-A2BE-CC3DF0505E07}.Debug|Any CPU.Build.0 = Debug|Any CPU
		{0CF3DF69-0710-4AFB-A2BE-CC3DF0505E07}.Release|Any CPU.ActiveCfg = Release|Any CPU
		{0CF3DF69-0710-4AFB-A2BE-CC3DF0505E07}.Release|Any CPU.Build.0 = Release|Any CPU
		{37A384E0-6D50-49FD-B534-E349B8098EF5}.Debug|Any CPU.ActiveCfg = Debug|Any CPU
		{37A384E0-6D50-49FD-B534-E349B8098EF5}.Debug|Any CPU.Build.0 = Debug|Any CPU
		{37A384E0-6D50-49FD-B534-E349B8098EF5}.Release|Any CPU.ActiveCfg = Release|Any CPU
		{37A384E0-6D50-49FD-B534-E349B8098EF5}.Release|Any CPU.Build.0 = Release|Any CPU
	EndGlobalSection
	GlobalSection(SolutionProperties) = preSolution
		HideSolutionNode = FALSE
	EndGlobalSection
	GlobalSection(ExtensibilityGlobals) = postSolution
		SolutionGuid = {75989A30-2C93-4FC7-92E9-5AA15A001FE5}
	EndGlobalSection
EndGlobal
